
Microsoft Visual Studio Solution File, Format Version 12.00
# Visual Studio Version 17
VisualStudioVersion = 17.3.32901.215
MinimumVisualStudioVersion = 10.0.40219.1
Project("{FAE04EC0-301F-11D3-BF4B-00C04F79EFBC}") = "car_test", "car_test\car_test.csproj", "{714ABD30-75DE-4B0D-95CF-1982FB09CC1F}"
EndProject
Global
	GlobalSection(SolutionConfigurationPlatforms) = preSolution
		Debug|Any CPU = Debug|Any CPU
		Release|Any CPU = Release|Any CPU
	EndGlobalSection
	GlobalSection(ProjectConfigurationPlatforms) = postSolution
		{714ABD30-75DE-4B0D-95CF-1982FB09CC1F}.Debug|Any CPU.ActiveCfg = Debug|Any CPU
		{714ABD30-75DE-4B0D-95CF-1982FB09CC1F}.Debug|Any CPU.Build.0 = Debug|Any CPU
		{714ABD30-75DE-4B0D-95CF-1982FB09CC1F}.Release|Any CPU.ActiveCfg = Release|Any CPU
		{714ABD30-75DE-4B0D-95CF-1982FB09CC1F}.Release|Any CPU.Build.0 = Release|Any CPU
	EndGlobalSection
	GlobalSection(SolutionProperties) = preSolution
		HideSolutionNode = FALSE
	EndGlobalSection
	GlobalSection(ExtensibilityGlobals) = postSolution
		SolutionGuid = {2DF6B7A5-19D3-40B9-8855-B5A669ED99C9}
	EndGlobalSection
EndGlobal
